
Microsoft Visual Studio Solution File, Format Version 12.00
# Visual Studio Version 16
VisualStudioVersion = 16.0.29306.81
MinimumVisualStudioVersion = 10.0.40219.1
Project("{FAE04EC0-301F-11D3-BF4B-00C04F79EFBC}") = "WebAdmin", "WebAdmin\WebAdmin.csproj", "{9C797A1D-1602-43C9-A533-C0BF618CD42C}"
EndProject
Global
	GlobalSection(SolutionConfigurationPlatforms) = preSolution
		Debug|Any CPU = Debug|Any CPU
		Release|Any CPU = Release|Any CPU
	EndGlobalSection
	GlobalSection(ProjectConfigurationPlatforms) = postSolution
		{9C797A1D-1602-43C9-A533-C0BF618CD42C}.Debug|Any CPU.ActiveCfg = Debug|Any CPU
		{9C797A1D-1602-43C9-A533-C0BF618CD42C}.Debug|Any CPU.Build.0 = Debug|Any CPU
		{9C797A1D-1602-43C9-A533-C0BF618CD42C}.Release|Any CPU.ActiveCfg = Release|Any CPU
		{9C797A1D-1602-43C9-A533-C0BF618CD42C}.Release|Any CPU.Build.0 = Release|Any CPU
	EndGlobalSection
	GlobalSection(SolutionProperties) = preSolution
		HideSolutionNode = FALSE
	EndGlobalSection
	GlobalSection(ExtensibilityGlobals) = postSolution
		SolutionGuid = {514DE359-7A9E-489B-A2BE-0693CA18DB75}
	EndGlobalSection
EndGlobal
